<?xml version="1.0" encoding="utf-8"?>
<Project ToolsVersion="4.0" xmlns="http://schemas.microsoft.com/developer/msbuild/2003">
  <ItemGroup>
    <Filter Include="Source Files">
      <UniqueIdentifier>{4FC737F1-C7A5-4376-A066-2A32D752A2FF}</UniqueIdentifier>
      <Extensions>cpp;c;cc;cxx;def;odl;idl;hpj;bat;asm;asmx</Extensions>
    </Filter>
    <Filter Include="Header Files">
      <UniqueIdentifier>{93995380-89BD-4b04-88EB-625FBE52EBFB}</UniqueIdentifier>
      <Extensions>h;hh;hpp;hxx;hm;inl;inc;ipp;xsd</Extensions>
    </Filter>
    <Filter Include="Resource Files">
      <UniqueIdentifier>{67DA6AB6-F800-4c08-8B7A-83BB121AAD01}</UniqueIdentifier>
      <Extensions>rc;ico;cur;bmp;dlg;rc2;rct;bin;rgs;gif;jpg;jpeg;jpe;resx;tiff;tif;png;wav;mfcribbon-ms</Extensions>
    </Filter>
  </ItemGroup>
  <ItemGroup>
    <ClInclude Include="stdafx.h">
      <Filter>Header Files</Filter>
    </ClInclude>
    <ClInclude Include="targetver.h">
      <Filter>Header Files</Filter>
    </ClInclude>
    <ClInclude Include="Resource.h">
      <Filter>Header Files</Filter>
    </ClInclude>
    <ClInclude Include="Engine\Camera.h">
      <Filter>Header Files</Filter>
    </ClInclude>
    <ClInclude Include="Engine\Constants.h">
      <Filter>Header Files</Filter>
    </ClInclude>
    <ClInclude Include="Engine\Controller.h">
      <Filter>Header Files</Filter>
    </ClInclude>
    <ClInclude Include="Engine\Engine.h">
      <Filter>Header Files</Filter>
    </ClInclude>
    <ClInclude Include="Engine\Object.h">
      <Filter>Header Files</Filter>
    </ClInclude>
    <ClInclude Include="Engine\Sprite.h">
      <Filter>Header Files</Filter>
    </ClInclude>
    <ClInclude Include="Engine\Transform2D.h">
      <Filter>Header Files</Filter>
    </ClInclude>
    <ClInclude Include="Engine\UpdateList.h">
      <Filter>Header Files</Filter>
    </ClInclude>
    <ClInclude Include="Engine\Utils.h">
      <Filter>Header Files</Filter>
    </ClInclude>
    <ClInclude Include="Engine\Vector2D.h">
      <Filter>Header Files</Filter>
    </ClInclude>
    <ClInclude Include="IO\Input.h">
      <Filter>Header Files</Filter>
    </ClInclude>
    <ClInclude Include="IO\InputProxy.h">
      <Filter>Header Files</Filter>
    </ClInclude>
    <ClInclude Include="IO\json.h">
      <Filter>Header Files</Filter>
    </ClInclude>
    <ClInclude Include="IO\Serializable.h">
      <Filter>Header Files</Filter>
    </ClInclude>
    <ClInclude Include="IO\Stream.h">
      <Filter>Header Files</Filter>
    </ClInclude>
    <ClInclude Include="Menu\ButtonContainer.h">
      <Filter>Header Files</Filter>
    </ClInclude>
    <ClInclude Include="Menu\Font.h">
      <Filter>Header Files</Filter>
    </ClInclude>
    <ClInclude Include="Menu\MenuButton.h">
      <Filter>Header Files</Filter>
    </ClInclude>
    <ClInclude Include="Menu\MenuItem.h">
      <Filter>Header Files</Filter>
    </ClInclude>
    <ClInclude Include="Menu\MenuItemContainer.h">
      <Filter>Header Files</Filter>
    </ClInclude>
    <ClInclude Include="Game\Controllers\ColorFlowController.h">
      <Filter>Header Files</Filter>
    </ClInclude>
    <ClInclude Include="Game\Controllers\SinusoidalBehaviourController.h">
      <Filter>Header Files</Filter>
    </ClInclude>
    <ClInclude Include="Game\GameImpl\ObjectPool.h">
      <Filter>Header Files</Filter>
    </ClInclude>
    <ClInclude Include="Game\GameImpl\ResourceManager.h">
      <Filter>Header Files</Filter>
    </ClInclude>
    <ClInclude Include="Game\HUD\Interfaces\MenuGameTimer.h">
      <Filter>Header Files</Filter>
    </ClInclude>
    <ClInclude Include="Game\HUD\Pages\InGameInterface.h">
      <Filter>Header Files</Filter>
    </ClInclude>
    <ClInclude Include="Game\HUD\Pages\LoadingScreen.h">
      <Filter>Header Files</Filter>
    </ClInclude>
    <ClInclude Include="Game\HUD\Pages\MenuGamePause.h">
      <Filter>Header Files</Filter>
    </ClInclude>
    <ClInclude Include="Game\HUD\Pages\StartMenuPage.h">
      <Filter>Header Files</Filter>
    </ClInclude>
    <ClInclude Include="Game\HUD\PageManager.h">
      <Filter>Header Files</Filter>
    </ClInclude>
    <ClInclude Include="Game\Network\Messages\ChatMessage.h">
      <Filter>Header Files</Filter>
    </ClInclude>
    <ClInclude Include="Game\Network\Messages\EventMessage.h">
      <Filter>Header Files</Filter>
    </ClInclude>
    <ClInclude Include="Game\Network\Messages\NetMessage.h">
      <Filter>Header Files</Filter>
    </ClInclude>
    <ClInclude Include="Game\Network\Messages\ServerResponse.h">
      <Filter>Header Files</Filter>
    </ClInclude>
    <ClInclude Include="Game\Network\Messages\TimeSynchroniationMessage.h">
      <Filter>Header Files</Filter>
    </ClInclude>
    <ClInclude Include="Game\Network\GameStateSynchronizer.h">
      <Filter>Header Files</Filter>
    </ClInclude>
    <ClInclude Include="Game\Network\MessageReciever.h">
      <Filter>Header Files</Filter>
    </ClInclude>
    <ClInclude Include="Game\Network\NetObject.h">
      <Filter>Header Files</Filter>
    </ClInclude>
    <ClInclude Include="Game\Game.h">
      <Filter>Header Files</Filter>
    </ClInclude>
    <ClInclude Include="Network\NetAddr.h">
      <Filter>Header Files</Filter>
    </ClInclude>
    <ClInclude Include="Network\NetInit.h">
      <Filter>Header Files</Filter>
    </ClInclude>
    <ClInclude Include="Network\NetSocket.h">
      <Filter>Header Files</Filter>
    </ClInclude>
    <ClInclude Include="Network\ReliableUDP.h">
      <Filter>Header Files</Filter>
    </ClInclude>
    <ClInclude Include="Sound\Sound.h">
      <Filter>Header Files</Filter>
    </ClInclude>
    <ClInclude Include="Sound\Wave.h">
      <Filter>Header Files</Filter>
    </ClInclude>
    <ClInclude Include="Game\Controllers\AnimationController.h">
      <Filter>Header Files</Filter>
    </ClInclude>
    <ClInclude Include="IO\json-builder.h">
      <Filter>Header Files</Filter>
    </ClInclude>
    <ClInclude Include="Game\Network\NetObjectAPI.h">
      <Filter>Header Files</Filter>
    </ClInclude>
    <ClInclude Include="External\cpr\api.h">
      <Filter>Header Files</Filter>
    </ClInclude>
    <ClInclude Include="External\cpr\auth.h">
      <Filter>Header Files</Filter>
    </ClInclude>
    <ClInclude Include="External\cpr\body.h">
      <Filter>Header Files</Filter>
    </ClInclude>
    <ClInclude Include="External\cpr\cookies.h">
      <Filter>Header Files</Filter>
    </ClInclude>
    <ClInclude Include="External\cpr\cpr.h">
      <Filter>Header Files</Filter>
    </ClInclude>
    <ClInclude Include="External\cpr\cprtypes.h">
      <Filter>Header Files</Filter>
    </ClInclude>
    <ClInclude Include="External\cpr\curlholder.h">
      <Filter>Header Files</Filter>
    </ClInclude>
    <ClInclude Include="External\cpr\defines.h">
      <Filter>Header Files</Filter>
    </ClInclude>
    <ClInclude Include="External\cpr\digest.h">
      <Filter>Header Files</Filter>
    </ClInclude>
    <ClInclude Include="External\cpr\error.h">
      <Filter>Header Files</Filter>
    </ClInclude>
    <ClInclude Include="External\cpr\low_speed.h">
      <Filter>Header Files</Filter>
    </ClInclude>
    <ClInclude Include="External\cpr\max_redirects.h">
      <Filter>Header Files</Filter>
    </ClInclude>
    <ClInclude Include="External\cpr\multipart.h">
      <Filter>Header Files</Filter>
    </ClInclude>
    <ClInclude Include="External\cpr\parameters.h">
      <Filter>Header Files</Filter>
    </ClInclude>
    <ClInclude Include="External\cpr\payload.h">
      <Filter>Header Files</Filter>
    </ClInclude>
    <ClInclude Include="External\cpr\proxies.h">
      <Filter>Header Files</Filter>
    </ClInclude>
    <ClInclude Include="External\cpr\response.h">
      <Filter>Header Files</Filter>
    </ClInclude>
    <ClInclude Include="External\cpr\session.h">
      <Filter>Header Files</Filter>
    </ClInclude>
    <ClInclude Include="External\cpr\ssl_options.h">
      <Filter>Header Files</Filter>
    </ClInclude>
    <ClInclude Include="External\cpr\timeout.h">
      <Filter>Header Files</Filter>
    </ClInclude>
    <ClInclude Include="External\cpr\util.h">
      <Filter>Header Files</Filter>
    </ClInclude>
    <ClInclude Include="External\Curl\curl.h">
      <Filter>Header Files</Filter>
    </ClInclude>
    <ClInclude Include="External\Curl\curlver.h">
      <Filter>Header Files</Filter>
    </ClInclude>
    <ClInclude Include="External\Curl\easy.h">
      <Filter>Header Files</Filter>
    </ClInclude>
    <ClInclude Include="External\Curl\mprintf.h">
      <Filter>Header Files</Filter>
    </ClInclude>
    <ClInclude Include="External\Curl\multi.h">
      <Filter>Header Files</Filter>
    </ClInclude>
    <ClInclude Include="External\Curl\stdcheaders.h">
      <Filter>Header Files</Filter>
    </ClInclude>
    <ClInclude Include="External\Curl\system.h">
      <Filter>Header Files</Filter>
    </ClInclude>
    <ClInclude Include="External\Curl\typecheck-gcc.h">
      <Filter>Header Files</Filter>
    </ClInclude>
    <ClInclude Include="External\Curl\urlapi.h">
      <Filter>Header Files</Filter>
    </ClInclude>
    <ClInclude Include="External\imgui\imconfig.h">
      <Filter>Header Files</Filter>
    </ClInclude>
    <ClInclude Include="External\imgui\imgui.h">
      <Filter>Header Files</Filter>
    </ClInclude>
    <ClInclude Include="External\imgui\imgui_impl_dx9.h">
      <Filter>Header Files</Filter>
    </ClInclude>
    <ClInclude Include="External\imgui\imgui_impl_win32.h">
      <Filter>Header Files</Filter>
    </ClInclude>
    <ClInclude Include="External\imgui\imgui_internal.h">
      <Filter>Header Files</Filter>
    </ClInclude>
    <ClInclude Include="External\imgui\imstb_rectpack.h">
      <Filter>Header Files</Filter>
    </ClInclude>
    <ClInclude Include="External\imgui\imstb_textedit.h">
      <Filter>Header Files</Filter>
    </ClInclude>
    <ClInclude Include="External\imgui\imstb_truetype.h">
      <Filter>Header Files</Filter>
    </ClInclude>
    <ClInclude Include="External\nlohmann\detail\conversions\from_json.hpp">
      <Filter>Header Files</Filter>
    </ClInclude>
    <ClInclude Include="External\nlohmann\detail\conversions\to_chars.hpp">
      <Filter>Header Files</Filter>
    </ClInclude>
    <ClInclude Include="External\nlohmann\detail\conversions\to_json.hpp">
      <Filter>Header Files</Filter>
    </ClInclude>
    <ClInclude Include="External\nlohmann\detail\input\binary_reader.hpp">
      <Filter>Header Files</Filter>
    </ClInclude>
    <ClInclude Include="External\nlohmann\detail\input\input_adapters.hpp">
      <Filter>Header Files</Filter>
    </ClInclude>
    <ClInclude Include="External\nlohmann\detail\input\json_sax.hpp">
      <Filter>Header Files</Filter>
    </ClInclude>
    <ClInclude Include="External\nlohmann\detail\input\lexer.hpp">
      <Filter>Header Files</Filter>
    </ClInclude>
    <ClInclude Include="External\nlohmann\detail\input\parser.hpp">
      <Filter>Header Files</Filter>
    </ClInclude>
    <ClInclude Include="External\nlohmann\detail\input\position_t.hpp">
      <Filter>Header Files</Filter>
    </ClInclude>
    <ClInclude Include="External\nlohmann\detail\iterators\internal_iterator.hpp">
      <Filter>Header Files</Filter>
    </ClInclude>
    <ClInclude Include="External\nlohmann\detail\iterators\iter_impl.hpp">
      <Filter>Header Files</Filter>
    </ClInclude>
    <ClInclude Include="External\nlohmann\detail\iterators\iteration_proxy.hpp">
      <Filter>Header Files</Filter>
    </ClInclude>
    <ClInclude Include="External\nlohmann\detail\iterators\iterator_traits.hpp">
      <Filter>Header Files</Filter>
    </ClInclude>
    <ClInclude Include="External\nlohmann\detail\iterators\json_reverse_iterator.hpp">
      <Filter>Header Files</Filter>
    </ClInclude>
    <ClInclude Include="External\nlohmann\detail\iterators\primitive_iterator.hpp">
      <Filter>Header Files</Filter>
    </ClInclude>
    <ClInclude Include="External\nlohmann\detail\meta\cpp_future.hpp">
      <Filter>Header Files</Filter>
    </ClInclude>
    <ClInclude Include="External\nlohmann\detail\meta\detected.hpp">
      <Filter>Header Files</Filter>
    </ClInclude>
    <ClInclude Include="External\nlohmann\detail\meta\is_sax.hpp">
      <Filter>Header Files</Filter>
    </ClInclude>
    <ClInclude Include="External\nlohmann\detail\meta\type_traits.hpp">
      <Filter>Header Files</Filter>
    </ClInclude>
    <ClInclude Include="External\nlohmann\detail\meta\void_t.hpp">
      <Filter>Header Files</Filter>
    </ClInclude>
    <ClInclude Include="External\nlohmann\detail\output\binary_writer.hpp">
      <Filter>Header Files</Filter>
    </ClInclude>
    <ClInclude Include="External\nlohmann\detail\output\output_adapters.hpp">
      <Filter>Header Files</Filter>
    </ClInclude>
    <ClInclude Include="External\nlohmann\detail\output\serializer.hpp">
      <Filter>Header Files</Filter>
    </ClInclude>
    <ClInclude Include="External\nlohmann\detail\exceptions.hpp">
      <Filter>Header Files</Filter>
    </ClInclude>
    <ClInclude Include="External\nlohmann\detail\json_pointer.hpp">
      <Filter>Header Files</Filter>
    </ClInclude>
    <ClInclude Include="External\nlohmann\detail\json_ref.hpp">
      <Filter>Header Files</Filter>
    </ClInclude>
    <ClInclude Include="External\nlohmann\detail\macro_scope.hpp">
      <Filter>Header Files</Filter>
    </ClInclude>
    <ClInclude Include="External\nlohmann\detail\macro_unscope.hpp">
      <Filter>Header Files</Filter>
    </ClInclude>
    <ClInclude Include="External\nlohmann\detail\value_t.hpp">
      <Filter>Header Files</Filter>
    </ClInclude>
    <ClInclude Include="External\nlohmann\adl_serializer.hpp">
      <Filter>Header Files</Filter>
    </ClInclude>
    <ClInclude Include="External\nlohmann\json.hpp">
      <Filter>Header Files</Filter>
    </ClInclude>
    <ClInclude Include="External\nlohmann\json_fwd.hpp">
      <Filter>Header Files</Filter>
    </ClInclude>
    <ClInclude Include="Online\ServiceAPI\Endpoints.h">
      <Filter>Header Files</Filter>
    </ClInclude>
    <ClInclude Include="Online\FutureHandler.h">
      <Filter>Header Files</Filter>
    </ClInclude>
  </ItemGroup>
  <ItemGroup>
    <ClCompile Include="stdafx.cpp">
      <Filter>Source Files</Filter>
    </ClCompile>
    <ClCompile Include="Engine\Camera.cpp">
      <Filter>Source Files</Filter>
    </ClCompile>
    <ClCompile Include="Engine\Controller.cpp">
      <Filter>Source Files</Filter>
    </ClCompile>
    <ClCompile Include="Engine\Engine.cpp">
      <Filter>Source Files</Filter>
    </ClCompile>
    <ClCompile Include="Engine\Object.cpp">
      <Filter>Source Files</Filter>
    </ClCompile>
    <ClCompile Include="Engine\Sprite.cpp">
      <Filter>Source Files</Filter>
    </ClCompile>
    <ClCompile Include="Engine\UpdateList.cpp">
      <Filter>Source Files</Filter>
    </ClCompile>
    <ClCompile Include="Engine\Utils.cpp">
      <Filter>Source Files</Filter>
    </ClCompile>
    <ClCompile Include="Engine\Vector2D.cpp">
      <Filter>Source Files</Filter>
    </ClCompile>
    <ClCompile Include="IO\Input.cpp">
      <Filter>Source Files</Filter>
    </ClCompile>
    <ClCompile Include="IO\InputProxy.cpp">
      <Filter>Source Files</Filter>
    </ClCompile>
    <ClCompile Include="IO\json.cpp">
      <Filter>Source Files</Filter>
    </ClCompile>
    <ClCompile Include="Menu\ButtonContainer.cpp">
      <Filter>Source Files</Filter>
    </ClCompile>
    <ClCompile Include="Menu\Font.cpp">
      <Filter>Source Files</Filter>
    </ClCompile>
    <ClCompile Include="Menu\MenuButton.cpp">
      <Filter>Source Files</Filter>
    </ClCompile>
    <ClCompile Include="Menu\MenuItem.cpp">
      <Filter>Source Files</Filter>
    </ClCompile>
    <ClCompile Include="Menu\MenuItemContainer.cpp">
      <Filter>Source Files</Filter>
    </ClCompile>
    <ClCompile Include="Game\Controllers\AnimationController.cpp">
      <Filter>Source Files</Filter>
    </ClCompile>
    <ClCompile Include="Game\Controllers\ColorFlowController.cpp">
      <Filter>Source Files</Filter>
    </ClCompile>
    <ClCompile Include="Game\GameImpl\ObjectPool.cpp">
      <Filter>Source Files</Filter>
    </ClCompile>
    <ClCompile Include="Game\GameImpl\ResourceManager.cpp">
      <Filter>Source Files</Filter>
    </ClCompile>
    <ClCompile Include="Game\HUD\Interfaces\MenuGameTimer.cpp">
      <Filter>Source Files</Filter>
    </ClCompile>
    <ClCompile Include="Game\HUD\Pages\InGameInterface.cpp">
      <Filter>Source Files</Filter>
    </ClCompile>
    <ClCompile Include="Game\HUD\Pages\LoadingScreen.cpp">
      <Filter>Source Files</Filter>
    </ClCompile>
    <ClCompile Include="Game\HUD\Pages\MenuGamePause.cpp">
      <Filter>Source Files</Filter>
    </ClCompile>
    <ClCompile Include="Game\HUD\Pages\StartMenuPage.cpp">
      <Filter>Source Files</Filter>
    </ClCompile>
    <ClCompile Include="Game\HUD\PageManager.cpp">
      <Filter>Source Files</Filter>
    </ClCompile>
    <ClCompile Include="Game\Network\Messages\ChatMessage.cpp">
      <Filter>Source Files</Filter>
    </ClCompile>
    <ClCompile Include="Game\Network\Messages\NetMessage.cpp">
      <Filter>Source Files</Filter>
    </ClCompile>
    <ClCompile Include="Game\Network\Messages\ServerResponse.cpp">
      <Filter>Source Files</Filter>
    </ClCompile>
    <ClCompile Include="Game\Network\Messages\TimeSynchroniationMessage.cpp">
      <Filter>Source Files</Filter>
    </ClCompile>
    <ClCompile Include="Game\Network\GameStateSynchronizer.cpp">
      <Filter>Source Files</Filter>
    </ClCompile>
    <ClCompile Include="Game\Network\MessageReciever.cpp">
      <Filter>Source Files</Filter>
    </ClCompile>
    <ClCompile Include="Game\Network\NetObject.cpp">
      <Filter>Source Files</Filter>
    </ClCompile>
    <ClCompile Include="Game\Network\NetObjectAPI.cpp">
      <Filter>Source Files</Filter>
    </ClCompile>
    <ClCompile Include="Game\Game.cpp">
      <Filter>Source Files</Filter>
    </ClCompile>
    <ClCompile Include="Network\NetAddr.cpp">
      <Filter>Source Files</Filter>
    </ClCompile>
    <ClCompile Include="Network\NetSocket.cpp">
      <Filter>Source Files</Filter>
    </ClCompile>
    <ClCompile Include="Network\ReliableUDP.cpp">
      <Filter>Source Files</Filter>
    </ClCompile>
    <ClCompile Include="Sound\Sound.cpp">
      <Filter>Source Files</Filter>
    </ClCompile>
    <ClCompile Include="Sound\Wave.cpp">
      <Filter>Source Files</Filter>
    </ClCompile>
    <ClCompile Include="IO\json-builder.cpp">
      <Filter>Source Files</Filter>
    </ClCompile>
    <ClCompile Include="GameClient.cpp">
      <Filter>Source Files</Filter>
    </ClCompile>
    <ClCompile Include="External\imgui\imgui.cpp">
      <Filter>Source Files</Filter>
    </ClCompile>
    <ClCompile Include="External\imgui\imgui_demo.cpp">
      <Filter>Source Files</Filter>
    </ClCompile>
    <ClCompile Include="External\imgui\imgui_draw.cpp">
      <Filter>Source Files</Filter>
    </ClCompile>
    <ClCompile Include="External\imgui\imgui_impl_dx9.cpp">
      <Filter>Source Files</Filter>
    </ClCompile>
    <ClCompile Include="External\imgui\imgui_impl_win32.cpp">
      <Filter>Source Files</Filter>
    </ClCompile>
    <ClCompile Include="External\imgui\imgui_widgets.cpp">
      <Filter>Source Files</Filter>
    </ClCompile>
  </ItemGroup>
  <ItemGroup>
    <ResourceCompile Include="GameClient.rc">
      <Filter>Resource Files</Filter>
    </ResourceCompile>
  </ItemGroup>
  <ItemGroup>
    <Image Include="GameClient.ico">
      <Filter>Resource Files</Filter>
    </Image>
    <Image Include="small.ico">
      <Filter>Resource Files</Filter>
    </Image>
  </ItemGroup>
</Project>